// !$*UTF8*$!
{
	archiveVersion = 1;
	classes = {
	};
	objectVersion = 50;
	objects = {

/* Begin PBXBuildFile section */
		790D7266248A32E100A5BF0B /* NetworkTools.swift in Sources */ = {isa = PBXBuildFile; fileRef = 790D7265248A32E100A5BF0B /* NetworkTools.swift */; };
		790D7269248A373600A5BF0B /* OAuthViewController.swift in Sources */ = {isa = PBXBuildFile; fileRef = 790D7268248A373600A5BF0B /* OAuthViewController.swift */; };
		790D726B248B6CBE00A5BF0B /* UserAccount.swift in Sources */ = {isa = PBXBuildFile; fileRef = 790D726A248B6CBE00A5BF0B /* UserAccount.swift */; };
		79F599C0242AE6CD002DD44E /* AppDelegate.swift in Sources */ = {isa = PBXBuildFile; fileRef = 79F599BF242AE6CD002DD44E /* AppDelegate.swift */; };
		79F599C2242AE6CD002DD44E /* ViewController.swift in Sources */ = {isa = PBXBuildFile; fileRef = 79F599C1242AE6CD002DD44E /* ViewController.swift */; };
		79F599C5242AE6CD002DD44E /* Main.storyboard in Resources */ = {isa = PBXBuildFile; fileRef = 79F599C3242AE6CD002DD44E /* Main.storyboard */; };
		79F599C7242AE6EC002DD44E /* Assets.xcassets in Resources */ = {isa = PBXBuildFile; fileRef = 79F599C6242AE6EC002DD44E /* Assets.xcassets */; };
		79F599CA242AE6EC002DD44E /* LaunchScreen.storyboard in Resources */ = {isa = PBXBuildFile; fileRef = 79F599C8242AE6EC002DD44E /* LaunchScreen.storyboard */; };
		79F599E0242AF3F4002DD44E /* DiscoverTableViewController.swift in Sources */ = {isa = PBXBuildFile; fileRef = 79F599DF242AF3F4002DD44E /* DiscoverTableViewController.swift */; };
		79F599E2242AF431002DD44E /* HomeTableViewController.swift in Sources */ = {isa = PBXBuildFile; fileRef = 79F599E1242AF431002DD44E /* HomeTableViewController.swift */; };
		79F599E4242AF447002DD44E /* MessageTableViewController.swift in Sources */ = {isa = PBXBuildFile; fileRef = 79F599E3242AF447002DD44E /* MessageTableViewController.swift */; };
		79F599E6242AF482002DD44E /* ProfileTableViewController.swift in Sources */ = {isa = PBXBuildFile; fileRef = 79F599E5242AF482002DD44E /* ProfileTableViewController.swift */; };
		79F599E8242AF693002DD44E /* MainViewController.swift in Sources */ = {isa = PBXBuildFile; fileRef = 79F599E7242AF693002DD44E /* MainViewController.swift */; };
		79F599EB243DAF36002DD44E /* UIBut+Extension.swift in Sources */ = {isa = PBXBuildFile; fileRef = 79F599EA243DAF36002DD44E /* UIBut+Extension.swift */; };
		79F599EE243DB69E002DD44E /* VistorTableViewController.swift in Sources */ = {isa = PBXBuildFile; fileRef = 79F599ED243DB69E002DD44E /* VistorTableViewController.swift */; };
		79F599F0243DB801002DD44E /* VistorView.swift in Sources */ = {isa = PBXBuildFile; fileRef = 79F599EF243DB801002DD44E /* VistorView.swift */; };
		79F66AFA24A83A5A005B1EA3 /* UserAccountViewModel.swift in Sources */ = {isa = PBXBuildFile; fileRef = 79F66AF924A83A5A005B1EA3 /* UserAccountViewModel.swift */; };
		79F66AFD24A83E29005B1EA3 /* NewFeatureViewController.swift in Sources */ = {isa = PBXBuildFile; fileRef = 79F66AFC24A83E29005B1EA3 /* NewFeatureViewController.swift */; };
		79F66AFF24A845C3005B1EA3 /* WelcomeViewController.swift in Sources */ = {isa = PBXBuildFile; fileRef = 79F66AFE24A845C3005B1EA3 /* WelcomeViewController.swift */; };
		79F66B0124A8463E005B1EA3 /* UIImageView+Extension.swift in Sources */ = {isa = PBXBuildFile; fileRef = 79F66B0024A8463E005B1EA3 /* UIImageView+Extension.swift */; };
		79F66B0324A84720005B1EA3 /* UILabel+Extension.swift in Sources */ = {isa = PBXBuildFile; fileRef = 79F66B0224A84720005B1EA3 /* UILabel+Extension.swift */; };
		8662FDC7B6AC438223DC0183 /* Pods_weibo.framework in Frameworks */ = {isa = PBXBuildFile; fileRef = E5088412A03501252D713EE1 /* Pods_weibo.framework */; };
/* End PBXBuildFile section */

/* Begin PBXFileReference section */
		790D7265248A32E100A5BF0B /* NetworkTools.swift */ = {isa = PBXFileReference; lastKnownFileType = sourcecode.swift; path = NetworkTools.swift; sourceTree = "<group>"; };
		790D7268248A373600A5BF0B /* OAuthViewController.swift */ = {isa = PBXFileReference; lastKnownFileType = sourcecode.swift; path = OAuthViewController.swift; sourceTree = "<group>"; };
		790D726A248B6CBE00A5BF0B /* UserAccount.swift */ = {isa = PBXFileReference; lastKnownFileType = sourcecode.swift; path = UserAccount.swift; sourceTree = "<group>"; };
		79F599BC242AE6CD002DD44E /* weibo.app */ = {isa = PBXFileReference; explicitFileType = wrapper.application; includeInIndex = 0; path = weibo.app; sourceTree = BUILT_PRODUCTS_DIR; };
		79F599BF242AE6CD002DD44E /* AppDelegate.swift */ = {isa = PBXFileReference; lastKnownFileType = sourcecode.swift; path = AppDelegate.swift; sourceTree = "<group>"; };
		79F599C1242AE6CD002DD44E /* ViewController.swift */ = {isa = PBXFileReference; lastKnownFileType = sourcecode.swift; path = ViewController.swift; sourceTree = "<group>"; };
		79F599C4242AE6CD002DD44E /* Base */ = {isa = PBXFileReference; lastKnownFileType = file.storyboard; name = Base; path = Base.lproj/Main.storyboard; sourceTree = "<group>"; };
		79F599C6242AE6EC002DD44E /* Assets.xcassets */ = {isa = PBXFileReference; lastKnownFileType = folder.assetcatalog; path = Assets.xcassets; sourceTree = "<group>"; };
		79F599C9242AE6EC002DD44E /* Base */ = {isa = PBXFileReference; lastKnownFileType = file.storyboard; name = Base; path = Base.lproj/LaunchScreen.storyboard; sourceTree = "<group>"; };
		79F599CB242AE6EC002DD44E /* Info.plist */ = {isa = PBXFileReference; lastKnownFileType = text.plist.xml; path = Info.plist; sourceTree = "<group>"; };
		79F599DF242AF3F4002DD44E /* DiscoverTableViewController.swift */ = {isa = PBXFileReference; lastKnownFileType = sourcecode.swift; path = DiscoverTableViewController.swift; sourceTree = "<group>"; };
		79F599E1242AF431002DD44E /* HomeTableViewController.swift */ = {isa = PBXFileReference; lastKnownFileType = sourcecode.swift; path = HomeTableViewController.swift; sourceTree = "<group>"; };
		79F599E3242AF447002DD44E /* MessageTableViewController.swift */ = {isa = PBXFileReference; lastKnownFileType = sourcecode.swift; path = MessageTableViewController.swift; sourceTree = "<group>"; };
		79F599E5242AF482002DD44E /* ProfileTableViewController.swift */ = {isa = PBXFileReference; lastKnownFileType = sourcecode.swift; path = ProfileTableViewController.swift; sourceTree = "<group>"; };
		79F599E7242AF693002DD44E /* MainViewController.swift */ = {isa = PBXFileReference; lastKnownFileType = sourcecode.swift; path = MainViewController.swift; sourceTree = "<group>"; };
		79F599EA243DAF36002DD44E /* UIBut+Extension.swift */ = {isa = PBXFileReference; lastKnownFileType = sourcecode.swift; path = "UIBut+Extension.swift"; sourceTree = "<group>"; };
		79F599ED243DB69E002DD44E /* VistorTableViewController.swift */ = {isa = PBXFileReference; lastKnownFileType = sourcecode.swift; path = VistorTableViewController.swift; sourceTree = "<group>"; };
		79F599EF243DB801002DD44E /* VistorView.swift */ = {isa = PBXFileReference; lastKnownFileType = sourcecode.swift; path = VistorView.swift; sourceTree = "<group>"; };
		79F66AF924A83A5A005B1EA3 /* UserAccountViewModel.swift */ = {isa = PBXFileReference; lastKnownFileType = sourcecode.swift; path = UserAccountViewModel.swift; sourceTree = "<group>"; };
		79F66AFC24A83E29005B1EA3 /* NewFeatureViewController.swift */ = {isa = PBXFileReference; lastKnownFileType = sourcecode.swift; path = NewFeatureViewController.swift; sourceTree = "<group>"; };
		79F66AFE24A845C3005B1EA3 /* WelcomeViewController.swift */ = {isa = PBXFileReference; lastKnownFileType = sourcecode.swift; path = WelcomeViewController.swift; sourceTree = "<group>"; };
		79F66B0024A8463E005B1EA3 /* UIImageView+Extension.swift */ = {isa = PBXFileReference; lastKnownFileType = sourcecode.swift; path = "UIImageView+Extension.swift"; sourceTree = "<group>"; };
		79F66B0224A84720005B1EA3 /* UILabel+Extension.swift */ = {isa = PBXFileReference; lastKnownFileType = sourcecode.swift; path = "UILabel+Extension.swift"; sourceTree = "<group>"; };
		83726EA9411C029CE6B7D9C4 /* Pods-weibo.release.xcconfig */ = {isa = PBXFileReference; includeInIndex = 1; lastKnownFileType = text.xcconfig; name = "Pods-weibo.release.xcconfig"; path = "Pods/Target Support Files/Pods-weibo/Pods-weibo.release.xcconfig"; sourceTree = "<group>"; };
		CB4D25F2D270692B9DA7A756 /* Pods-weibo.debug.xcconfig */ = {isa = PBXFileReference; includeInIndex = 1; lastKnownFileType = text.xcconfig; name = "Pods-weibo.debug.xcconfig"; path = "Pods/Target Support Files/Pods-weibo/Pods-weibo.debug.xcconfig"; sourceTree = "<group>"; };
		E5088412A03501252D713EE1 /* Pods_weibo.framework */ = {isa = PBXFileReference; explicitFileType = wrapper.framework; includeInIndex = 0; path = Pods_weibo.framework; sourceTree = BUILT_PRODUCTS_DIR; };
/* End PBXFileReference section */

/* Begin PBXFrameworksBuildPhase section */
		79F599B9242AE6CD002DD44E /* Frameworks */ = {
			isa = PBXFrameworksBuildPhase;
			buildActionMask = 2147483647;
			files = (
				8662FDC7B6AC438223DC0183 /* Pods_weibo.framework in Frameworks */,
			);
			runOnlyForDeploymentPostprocessing = 0;
		};
/* End PBXFrameworksBuildPhase section */

/* Begin PBXGroup section */
		5844E8FA5FD34DD1B39E1362 /* Frameworks */ = {
			isa = PBXGroup;
			children = (
				E5088412A03501252D713EE1 /* Pods_weibo.framework */,
			);
			name = Frameworks;
			sourceTree = "<group>";
		};
		59E9D29DC01A35DC9509C93E /* Pods */ = {
			isa = PBXGroup;
			children = (
				CB4D25F2D270692B9DA7A756 /* Pods-weibo.debug.xcconfig */,
				83726EA9411C029CE6B7D9C4 /* Pods-weibo.release.xcconfig */,
			);
			name = Pods;
			sourceTree = "<group>";
		};
		790D7267248A36F500A5BF0B /* OAuth */ = {
			isa = PBXGroup;
			children = (
				790D7268248A373600A5BF0B /* OAuthViewController.swift */,
			);
			path = OAuth;
			sourceTree = "<group>";
		};
		79F599B3242AE6CC002DD44E = {
			isa = PBXGroup;
			children = (
				79F599BE242AE6CD002DD44E /* weibo */,
				79F599BD242AE6CD002DD44E /* Products */,
				59E9D29DC01A35DC9509C93E /* Pods */,
				5844E8FA5FD34DD1B39E1362 /* Frameworks */,
			);
			sourceTree = "<group>";
		};
		79F599BD242AE6CD002DD44E /* Products */ = {
			isa = PBXGroup;
			children = (
				79F599BC242AE6CD002DD44E /* weibo.app */,
			);
			name = Products;
			sourceTree = "<group>";
		};
		79F599BE242AE6CD002DD44E /* weibo */ = {
			isa = PBXGroup;
			children = (
				79F599D1242AF1D3002DD44E /* Classes */,
				79F599BF242AE6CD002DD44E /* AppDelegate.swift */,
				79F599C1242AE6CD002DD44E /* ViewController.swift */,
				79F599C3242AE6CD002DD44E /* Main.storyboard */,
				79F599C6242AE6EC002DD44E /* Assets.xcassets */,
				79F599C8242AE6EC002DD44E /* LaunchScreen.storyboard */,
				79F599CB242AE6EC002DD44E /* Info.plist */,
			);
			path = weibo;
			sourceTree = "<group>";
		};
		79F599D1242AF1D3002DD44E /* Classes */ = {
			isa = PBXGroup;
			children = (
				79F599D2242AF1D3002DD44E /* Model */,
				79F599D3242AF1D3002DD44E /* Tools */,
				79F599D4242AF1D3002DD44E /* View */,
				79F599DA242AF1D3002DD44E /* Viewmodel */,
			);
			path = Classes;
			sourceTree = "<group>";
		};
		79F599D2242AF1D3002DD44E /* Model */ = {
			isa = PBXGroup;
			children = (
				790D726A248B6CBE00A5BF0B /* UserAccount.swift */,
			);
			path = Model;
			sourceTree = "<group>";
		};
		79F599D3242AF1D3002DD44E /* Tools */ = {
			isa = PBXGroup;
			children = (
				79F599E9243DAEBA002DD44E /* Extension */,
				790D7265248A32E100A5BF0B /* NetworkTools.swift */,
			);
			path = Tools;
			sourceTree = "<group>";
		};
		79F599D4242AF1D3002DD44E /* View */ = {
			isa = PBXGroup;
			children = (
				790D7267248A36F500A5BF0B /* OAuth */,
				79F599D5242AF1D3002DD44E /* Discover */,
				79F599D6242AF1D3002DD44E /* Home */,
				79F599D7242AF1D3002DD44E /* Main */,
				79F599D8242AF1D3002DD44E /* Message */,
				79F599D9242AF1D3002DD44E /* Profile */,
			);
			path = View;
			sourceTree = "<group>";
		};
		79F599D5242AF1D3002DD44E /* Discover */ = {
			isa = PBXGroup;
			children = (
				79F599DF242AF3F4002DD44E /* DiscoverTableViewController.swift */,
			);
			path = Discover;
			sourceTree = "<group>";
		};
		79F599D6242AF1D3002DD44E /* Home */ = {
			isa = PBXGroup;
			children = (
				79F599E1242AF431002DD44E /* HomeTableViewController.swift */,
			);
			path = Home;
			sourceTree = "<group>";
		};
		79F599D7242AF1D3002DD44E /* Main */ = {
			isa = PBXGroup;
			children = (
				79F66AFB24A83DB3005B1EA3 /* NewFeature */,
				79F599EC243DB650002DD44E /* Visitor */,
				79F599E7242AF693002DD44E /* MainViewController.swift */,
			);
			path = Main;
			sourceTree = "<group>";
		};
		79F599D8242AF1D3002DD44E /* Message */ = {
			isa = PBXGroup;
			children = (
				79F599E3242AF447002DD44E /* MessageTableViewController.swift */,
			);
			path = Message;
			sourceTree = "<group>";
		};
		79F599D9242AF1D3002DD44E /* Profile */ = {
			isa = PBXGroup;
			children = (
				79F599E5242AF482002DD44E /* ProfileTableViewController.swift */,
			);
			path = Profile;
			sourceTree = "<group>";
		};
		79F599DA242AF1D3002DD44E /* Viewmodel */ = {
			isa = PBXGroup;
			children = (
				79F66AF924A83A5A005B1EA3 /* UserAccountViewModel.swift */,
			);
			path = Viewmodel;
			sourceTree = "<group>";
		};
		79F599E9243DAEBA002DD44E /* Extension */ = {
			isa = PBXGroup;
			children = (
				79F599EA243DAF36002DD44E /* UIBut+Extension.swift */,
				79F66B0024A8463E005B1EA3 /* UIImageView+Extension.swift */,
				79F66B0224A84720005B1EA3 /* UILabel+Extension.swift */,
			);
			path = Extension;
			sourceTree = "<group>";
		};
		79F599EC243DB650002DD44E /* Visitor */ = {
			isa = PBXGroup;
			children = (
				79F599ED243DB69E002DD44E /* VistorTableViewController.swift */,
				79F599EF243DB801002DD44E /* VistorView.swift */,
			);
			path = Visitor;
			sourceTree = "<group>";
		};
		79F66AFB24A83DB3005B1EA3 /* NewFeature */ = {
			isa = PBXGroup;
			children = (
				79F66AFC24A83E29005B1EA3 /* NewFeatureViewController.swift */,
				79F66AFE24A845C3005B1EA3 /* WelcomeViewController.swift */,
			);
			path = NewFeature;
			sourceTree = "<group>";
		};
/* End PBXGroup section */

/* Begin PBXNativeTarget section */
		79F599BB242AE6CD002DD44E /* weibo */ = {
			isa = PBXNativeTarget;
			buildConfigurationList = 79F599CE242AE6EC002DD44E /* Build configuration list for PBXNativeTarget "weibo" */;
			buildPhases = (
				511C59E235BF493B219862AE /* [CP] Check Pods Manifest.lock */,
				79F599B8242AE6CD002DD44E /* Sources */,
				79F599B9242AE6CD002DD44E /* Frameworks */,
				79F599BA242AE6CD002DD44E /* Resources */,
				AA48323D4B67C396C6C64FFF /* [CP] Embed Pods Frameworks */,
				5443C6B6CB9807B95BE0CAD9 /* [CP] Copy Pods Resources */,
			);
			buildRules = (
			);
			dependencies = (
			);
			name = weibo;
			productName = weibo;
			productReference = 79F599BC242AE6CD002DD44E /* weibo.app */;
			productType = "com.apple.product-type.application";
		};
/* End PBXNativeTarget section */

/* Begin PBXProject section */
		79F599B4242AE6CC002DD44E /* Project object */ = {
			isa = PBXProject;
			attributes = {
				LastSwiftUpdateCheck = 1000;
				LastUpgradeCheck = 1000;
				ORGANIZATIONNAME = chen;
				TargetAttributes = {
					79F599BB242AE6CD002DD44E = {
						CreatedOnToolsVersion = 10.0;
					};
				};
			};
			buildConfigurationList = 79F599B7242AE6CC002DD44E /* Build configuration list for PBXProject "weibo" */;
			compatibilityVersion = "Xcode 9.3";
			developmentRegion = en;
			hasScannedForEncodings = 0;
			knownRegions = (
				en,
				Base,
			);
			mainGroup = 79F599B3242AE6CC002DD44E;
			productRefGroup = 79F599BD242AE6CD002DD44E /* Products */;
			projectDirPath = "";
			projectRoot = "";
			targets = (
				79F599BB242AE6CD002DD44E /* weibo */,
			);
		};
/* End PBXProject section */

/* Begin PBXResourcesBuildPhase section */
		79F599BA242AE6CD002DD44E /* Resources */ = {
			isa = PBXResourcesBuildPhase;
			buildActionMask = 2147483647;
			files = (
				79F599CA242AE6EC002DD44E /* LaunchScreen.storyboard in Resources */,
				79F599C7242AE6EC002DD44E /* Assets.xcassets in Resources */,
				79F599C5242AE6CD002DD44E /* Main.storyboard in Resources */,
			);
			runOnlyForDeploymentPostprocessing = 0;
		};
/* End PBXResourcesBuildPhase section */

/* Begin PBXShellScriptBuildPhase section */
		511C59E235BF493B219862AE /* [CP] Check Pods Manifest.lock */ = {
			isa = PBXShellScriptBuildPhase;
			buildActionMask = 2147483647;
			files = (
			);
			inputFileListPaths = (
			);
			inputPaths = (
				"${PODS_PODFILE_DIR_PATH}/Podfile.lock",
				"${PODS_ROOT}/Manifest.lock",
			);
			name = "[CP] Check Pods Manifest.lock";
			outputFileListPaths = (
			);
			outputPaths = (
				"$(DERIVED_FILE_DIR)/Pods-weibo-checkManifestLockResult.txt",
			);
			runOnlyForDeploymentPostprocessing = 0;
			shellPath = /bin/sh;
			shellScript = "diff \"${PODS_PODFILE_DIR_PATH}/Podfile.lock\" \"${PODS_ROOT}/Manifest.lock\" > /dev/null\nif [ $? != 0 ] ; then\n    # print error to STDERR\n    echo \"error: The sandbox is not in sync with the Podfile.lock. Run 'pod install' or update your CocoaPods installation.\" >&2\n    exit 1\nfi\n# This output is used by Xcode 'outputs' to avoid re-running this script phase.\necho \"SUCCESS\" > \"${SCRIPT_OUTPUT_FILE_0}\"\n";
			showEnvVarsInLog = 0;
		};
		5443C6B6CB9807B95BE0CAD9 /* [CP] Copy Pods Resources */ = {
			isa = PBXShellScriptBuildPhase;
			buildActionMask = 2147483647;
			files = (
			);
			inputFileListPaths = (
			);
			inputPaths = (
			);
			name = "[CP] Copy Pods Resources";
			outputFileListPaths = (
			);
			outputPaths = (
			);
			runOnlyForDeploymentPostprocessing = 0;
			shellPath = /bin/sh;
			shellScript = "\"${SRCROOT}/Pods/Target Support Files/Pods-weibo/Pods-weibo-resources.sh\"\n";
			showEnvVarsInLog = 0;
		};
		AA48323D4B67C396C6C64FFF /* [CP] Embed Pods Frameworks */ = {
			isa = PBXShellScriptBuildPhase;
			buildActionMask = 2147483647;
			files = (
			);
			inputFileListPaths = (
			);
			inputPaths = (
				"${SRCROOT}/Pods/Target Support Files/Pods-weibo/Pods-weibo-frameworks.sh",
				"${BUILT_PRODUCTS_DIR}/AFNetworking/AFNetworking.framework",
				"${BUILT_PRODUCTS_DIR}/SDWebImage/SDWebImage.framework",
				"${BUILT_PRODUCTS_DIR}/SnapKit/SnapKit.framework",
			);
			name = "[CP] Embed Pods Frameworks";
			outputFileListPaths = (
			);
			outputPaths = (
				"${TARGET_BUILD_DIR}/${FRAMEWORKS_FOLDER_PATH}/AFNetworking.framework",
				"${TARGET_BUILD_DIR}/${FRAMEWORKS_FOLDER_PATH}/SDWebImage.framework",
				"${TARGET_BUILD_DIR}/${FRAMEWORKS_FOLDER_PATH}/SnapKit.framework",
			);
			runOnlyForDeploymentPostprocessing = 0;
			shellPath = /bin/sh;
			shellScript = "\"${SRCROOT}/Pods/Target Support Files/Pods-weibo/Pods-weibo-frameworks.sh\"\n";
			showEnvVarsInLog = 0;
		};
/* End PBXShellScriptBuildPhase section */

/* Begin PBXSourcesBuildPhase section */
		79F599B8242AE6CD002DD44E /* Sources */ = {
			isa = PBXSourcesBuildPhase;
			buildActionMask = 2147483647;
			files = (
				79F599E8242AF693002DD44E /* MainViewController.swift in Sources */,
				79F66AFF24A845C3005B1EA3 /* WelcomeViewController.swift in Sources */,
				790D7266248A32E100A5BF0B /* NetworkTools.swift in Sources */,
				79F599EB243DAF36002DD44E /* UIBut+Extension.swift in Sources */,
				79F599EE243DB69E002DD44E /* VistorTableViewController.swift in Sources */,
				790D7269248A373600A5BF0B /* OAuthViewController.swift in Sources */,
				790D726B248B6CBE00A5BF0B /* UserAccount.swift in Sources */,
				79F599E6242AF482002DD44E /* ProfileTableViewController.swift in Sources */,
				79F66B0324A84720005B1EA3 /* UILabel+Extension.swift in Sources */,
				79F66AFA24A83A5A005B1EA3 /* UserAccountViewModel.swift in Sources */,
				79F599C2242AE6CD002DD44E /* ViewController.swift in Sources */,
				79F599C0242AE6CD002DD44E /* AppDelegate.swift in Sources */,
				79F599E0242AF3F4002DD44E /* DiscoverTableViewController.swift in Sources */,
				79F599F0243DB801002DD44E /* VistorView.swift in Sources */,
				79F599E4242AF447002DD44E /* MessageTableViewController.swift in Sources */,
				79F66AFD24A83E29005B1EA3 /* NewFeatureViewController.swift in Sources */,
				79F66B0124A8463E005B1EA3 /* UIImageView+Extension.swift in Sources */,
				79F599E2242AF431002DD44E /* HomeTableViewController.swift in Sources */,
			);
			runOnlyForDeploymentPostprocessing = 0;
		};
/* End PBXSourcesBuildPhase section */

/* Begin PBXVariantGroup section */
		79F599C3242AE6CD002DD44E /* Main.storyboard */ = {
			isa = PBXVariantGroup;
			children = (
				79F599C4242AE6CD002DD44E /* Base */,
			);
			name = Main.storyboard;
			sourceTree = "<group>";
		};
		79F599C8242AE6EC002DD44E /* LaunchScreen.storyboard */ = {
			isa = PBXVariantGroup;
			children = (
				79F599C9242AE6EC002DD44E /* Base */,
			);
			name = LaunchScreen.storyboard;
			sourceTree = "<group>";
		};
/* End PBXVariantGroup section */

/* Begin XCBuildConfiguration section */
		79F599CC242AE6EC002DD44E /* Debug */ = {
			isa = XCBuildConfiguration;
			buildSettings = {
				ALWAYS_SEARCH_USER_PATHS = NO;
				CLANG_ANALYZER_NONNULL = YES;
				CLANG_ANALYZER_NUMBER_OBJECT_CONVERSION = YES_AGGRESSIVE;
				CLANG_CXX_LANGUAGE_STANDARD = "gnu++14";
				CLANG_CXX_LIBRARY = "libc++";
				CLANG_ENABLE_MODULES = YES;
				CLANG_ENABLE_OBJC_ARC = YES;
				CLANG_ENABLE_OBJC_WEAK = YES;
				CLANG_WARN_BLOCK_CAPTURE_AUTORELEASING = YES;
				CLANG_WARN_BOOL_CONVERSION = YES;
				CLANG_WARN_COMMA = YES;
				CLANG_WARN_CONSTANT_CONVERSION = YES;
				CLANG_WARN_DEPRECATED_OBJC_IMPLEMENTATIONS = YES;
				CLANG_WARN_DIRECT_OBJC_ISA_USAGE = YES_ERROR;
				CLANG_WARN_DOCUMENTATION_COMMENTS = YES;
				CLANG_WARN_EMPTY_BODY = YES;
				CLANG_WARN_ENUM_CONVERSION = YES;
				CLANG_WARN_INFINITE_RECURSION = YES;
				CLANG_WARN_INT_CONVERSION = YES;
				CLANG_WARN_NON_LITERAL_NULL_CONVERSION = YES;
				CLANG_WARN_OBJC_IMPLICIT_RETAIN_SELF = YES;
				CLANG_WARN_OBJC_LITERAL_CONVERSION = YES;
				CLANG_WARN_OBJC_ROOT_CLASS = YES_ERROR;
				CLANG_WARN_RANGE_LOOP_ANALYSIS = YES;
				CLANG_WARN_STRICT_PROTOTYPES = YES;
				CLANG_WARN_SUSPICIOUS_MOVE = YES;
				CLANG_WARN_UNGUARDED_AVAILABILITY = YES_AGGRESSIVE;
				CLANG_WARN_UNREACHABLE_CODE = YES;
				CLANG_WARN__DUPLICATE_METHOD_MATCH = YES;
				CODE_SIGN_IDENTITY = "iPhone Developer";
				COPY_PHASE_STRIP = NO;
				DEBUG_INFORMATION_FORMAT = dwarf;
				ENABLE_STRICT_OBJC_MSGSEND = YES;
				ENABLE_TESTABILITY = YES;
				GCC_C_LANGUAGE_STANDARD = gnu11;
				GCC_DYNAMIC_NO_PIC = NO;
				GCC_NO_COMMON_BLOCKS = YES;
				GCC_OPTIMIZATION_LEVEL = 0;
				GCC_PREPROCESSOR_DEFINITIONS = (
					"DEBUG=1",
					"$(inherited)",
				);
				GCC_WARN_64_TO_32_BIT_CONVERSION = YES;
				GCC_WARN_ABOUT_RETURN_TYPE = YES_ERROR;
				GCC_WARN_UNDECLARED_SELECTOR = YES;
				GCC_WARN_UNINITIALIZED_AUTOS = YES_AGGRESSIVE;
				GCC_WARN_UNUSED_FUNCTION = YES;
				GCC_WARN_UNUSED_VARIABLE = YES;
				IPHONEOS_DEPLOYMENT_TARGET = 12.0;
				MTL_ENABLE_DEBUG_INFO = INCLUDE_SOURCE;
				MTL_FAST_MATH = YES;
				ONLY_ACTIVE_ARCH = YES;
				SDKROOT = iphoneos;
				SWIFT_ACTIVE_COMPILATION_CONDITIONS = DEBUG;
				SWIFT_OPTIMIZATION_LEVEL = "-Onone";
			};
			name = Debug;
		};
		79F599CD242AE6EC002DD44E /* Release */ = {
			isa = XCBuildConfiguration;
			buildSettings = {
				ALWAYS_SEARCH_USER_PATHS = NO;
				CLANG_ANALYZER_NONNULL = YES;
				CLANG_ANALYZER_NUMBER_OBJECT_CONVERSION = YES_AGGRESSIVE;
				CLANG_CXX_LANGUAGE_STANDARD = "gnu++14";
				CLANG_CXX_LIBRARY = "libc++";
				CLANG_ENABLE_MODULES = YES;
				CLANG_ENABLE_OBJC_ARC = YES;
				CLANG_ENABLE_OBJC_WEAK = YES;
				CLANG_WARN_BLOCK_CAPTURE_AUTORELEASING = YES;
				CLANG_WARN_BOOL_CONVERSION = YES;
				CLANG_WARN_COMMA = YES;
				CLANG_WARN_CONSTANT_CONVERSION = YES;
				CLANG_WARN_DEPRECATED_OBJC_IMPLEMENTATIONS = YES;
				CLANG_WARN_DIRECT_OBJC_ISA_USAGE = YES_ERROR;
				CLANG_WARN_DOCUMENTATION_COMMENTS = YES;
				CLANG_WARN_EMPTY_BODY = YES;
				CLANG_WARN_ENUM_CONVERSION = YES;
				CLANG_WARN_INFINITE_RECURSION = YES;
				CLANG_WARN_INT_CONVERSION = YES;
				CLANG_WARN_NON_LITERAL_NULL_CONVERSION = YES;
				CLANG_WARN_OBJC_IMPLICIT_RETAIN_SELF = YES;
				CLANG_WARN_OBJC_LITERAL_CONVERSION = YES;
				CLANG_WARN_OBJC_ROOT_CLASS = YES_ERROR;
				CLANG_WARN_RANGE_LOOP_ANALYSIS = YES;
				CLANG_WARN_STRICT_PROTOTYPES = YES;
				CLANG_WARN_SUSPICIOUS_MOVE = YES;
				CLANG_WARN_UNGUARDED_AVAILABILITY = YES_AGGRESSIVE;
				CLANG_WARN_UNREACHABLE_CODE = YES;
				CLANG_WARN__DUPLICATE_METHOD_MATCH = YES;
				CODE_SIGN_IDENTITY = "iPhone Developer";
				COPY_PHASE_STRIP = NO;
				DEBUG_INFORMATION_FORMAT = "dwarf-with-dsym";
				ENABLE_NS_ASSERTIONS = NO;
				ENABLE_STRICT_OBJC_MSGSEND = YES;
				GCC_C_LANGUAGE_STANDARD = gnu11;
				GCC_NO_COMMON_BLOCKS = YES;
				GCC_WARN_64_TO_32_BIT_CONVERSION = YES;
				GCC_WARN_ABOUT_RETURN_TYPE = YES_ERROR;
				GCC_WARN_UNDECLARED_SELECTOR = YES;
				GCC_WARN_UNINITIALIZED_AUTOS = YES_AGGRESSIVE;
				GCC_WARN_UNUSED_FUNCTION = YES;
				GCC_WARN_UNUSED_VARIABLE = YES;
				IPHONEOS_DEPLOYMENT_TARGET = 12.0;
				MTL_ENABLE_DEBUG_INFO = NO;
				MTL_FAST_MATH = YES;
				SDKROOT = iphoneos;
				SWIFT_COMPILATION_MODE = wholemodule;
				SWIFT_OPTIMIZATION_LEVEL = "-O";
				VALIDATE_PRODUCT = YES;
			};
			name = Release;
		};
		79F599CF242AE6EC002DD44E /* Debug */ = {
			isa = XCBuildConfiguration;
			baseConfigurationReference = CB4D25F2D270692B9DA7A756 /* Pods-weibo.debug.xcconfig */;
			buildSettings = {
				ASSETCATALOG_COMPILER_APPICON_NAME = AppIcon;
				ASSETCATALOG_COMPILER_LAUNCHIMAGE_NAME = "Brand Assets";
				CODE_SIGN_STYLE = Automatic;
				INFOPLIST_FILE = weibo/Info.plist;
				IPHONEOS_DEPLOYMENT_TARGET = 9.0;
				LD_RUNPATH_SEARCH_PATHS = (
					"$(inherited)",
					"@executable_path/Frameworks",
				);
				PRODUCT_BUNDLE_IDENTIFIER = com.chen.weibo;
				PRODUCT_NAME = "$(TARGET_NAME)";
				SWIFT_VERSION = 4.2;
				TARGETED_DEVICE_FAMILY = 1;
			};
			name = Debug;
		};
		79F599D0242AE6EC002DD44E /* Release */ = {
			isa = XCBuildConfiguration;
			baseConfigurationReference = 83726EA9411C029CE6B7D9C4 /* Pods-weibo.release.xcconfig */;
			buildSettings = {
				ASSETCATALOG_COMPILER_APPICON_NAME = AppIcon;
				ASSETCATALOG_COMPILER_LAUNCHIMAGE_NAME = "Brand Assets";
				CODE_SIGN_STYLE = Automatic;
				INFOPLIST_FILE = weibo/Info.plist;
				IPHONEOS_DEPLOYMENT_TARGET = 9.0;
				LD_RUNPATH_SEARCH_PATHS = (
					"$(inherited)",
					"@executable_path/Frameworks",
				);
				PRODUCT_BUNDLE_IDENTIFIER = com.chen.weibo;
				PRODUCT_NAME = "$(TARGET_NAME)";
				SWIFT_VERSION = 4.2;
				TARGETED_DEVICE_FAMILY = 1;
			};
			name = Release;
		};
/* End XCBuildConfiguration section */

/* Begin XCConfigurationList section */
		79F599B7242AE6CC002DD44E /* Build configuration list for PBXProject "weibo" */ = {
			isa = XCConfigurationList;
			buildConfigurations = (
				79F599CC242AE6EC002DD44E /* Debug */,
				79F599CD242AE6EC002DD44E /* Release */,
			);
			defaultConfigurationIsVisible = 0;
			defaultConfigurationName = Release;
		};
		79F599CE242AE6EC002DD44E /* Build configuration list for PBXNativeTarget "weibo" */ = {
			isa = XCConfigurationList;
			buildConfigurations = (
				79F599CF242AE6EC002DD44E /* Debug */,
				79F599D0242AE6EC002DD44E /* Release */,
			);
			defaultConfigurationIsVisible = 0;
			defaultConfigurationName = Release;
		};
/* End XCConfigurationList section */
	};
	rootObject = 79F599B4242AE6CC002DD44E /* Project object */;
}
